
Microsoft Visual Studio Solution File, Format Version 12.00
# Visual Studio Version 16
VisualStudioVersion = 16.0.30114.105
MinimumVisualStudioVersion = 10.0.40219.1
Project("{FAE04EC0-301F-11D3-BF4B-00C04F79EFBC}") = "Loginform", "Loginform.csproj", "{3929D5F6-C448-45A3-94E2-594BFC52F256}"
EndProject
Global
	GlobalSection(SolutionConfigurationPlatforms) = preSolution
		Debug|Any CPU = Debug|Any CPU
		Release|Any CPU = Release|Any CPU
	EndGlobalSection
	GlobalSection(ProjectConfigurationPlatforms) = postSolution
		{3929D5F6-C448-45A3-94E2-594BFC52F256}.Debug|Any CPU.ActiveCfg = Debug|Any CPU
		{3929D5F6-C448-45A3-94E2-594BFC52F256}.Debug|Any CPU.Build.0 = Debug|Any CPU
		{3929D5F6-C448-45A3-94E2-594BFC52F256}.Release|Any CPU.ActiveCfg = Release|Any CPU
		{3929D5F6-C448-45A3-94E2-594BFC52F256}.Release|Any CPU.Build.0 = Release|Any CPU
	EndGlobalSection
	GlobalSection(SolutionProperties) = preSolution
		HideSolutionNode = FALSE
	EndGlobalSection
	GlobalSection(ExtensibilityGlobals) = postSolution
		SolutionGuid = {5C865DDC-0225-4E32-AED2-F314EA6918C9}
	EndGlobalSection
EndGlobal
